// !$*UTF8*$!
{
	archiveVersion = 1;
	classes = {
	};
	objectVersion = 46;
	objects = {

/* Begin PBXBuildFile section */
		63D934981B1BCDA300622882 /* AppDelegate.swift in Sources */ = {isa = PBXBuildFile; fileRef = 63D934971B1BCDA300622882 /* AppDelegate.swift */; };
		63D9349A1B1BCDA300622882 /* ViewController.swift in Sources */ = {isa = PBXBuildFile; fileRef = 63D934991B1BCDA300622882 /* ViewController.swift */; };
		63D9349D1B1BCDA300622882 /* Main.storyboard in Resources */ = {isa = PBXBuildFile; fileRef = 63D9349B1B1BCDA300622882 /* Main.storyboard */; };
		63D9349F1B1BCDA300622882 /* Images.xcassets in Resources */ = {isa = PBXBuildFile; fileRef = 63D9349E1B1BCDA300622882 /* Images.xcassets */; };
		63D934A21B1BCDA300622882 /* LaunchScreen.xib in Resources */ = {isa = PBXBuildFile; fileRef = 63D934A01B1BCDA300622882 /* LaunchScreen.xib */; };
		63D934AE1B1BCDA300622882 /* CalculadoraTests.swift in Sources */ = {isa = PBXBuildFile; fileRef = 63D934AD1B1BCDA300622882 /* CalculadoraTests.swift */; };
/* End PBXBuildFile section */

/* Begin PBXContainerItemProxy section */
		63D934A81B1BCDA300622882 /* PBXContainerItemProxy */ = {
			isa = PBXContainerItemProxy;
			containerPortal = 63D9348A1B1BCDA300622882 /* Project object */;
			proxyType = 1;
			remoteGlobalIDString = 63D934911B1BCDA300622882;
			remoteInfo = Calculadora;
		};
/* End PBXContainerItemProxy section */

/* Begin PBXFileReference section */
		63D934921B1BCDA300622882 /* Calculadora.app */ = {isa = PBXFileReference; explicitFileType = wrapper.application; includeInIndex = 0; path = Calculadora.app; sourceTree = BUILT_PRODUCTS_DIR; };
		63D934961B1BCDA300622882 /* Info.plist */ = {isa = PBXFileReference; lastKnownFileType = text.plist.xml; path = Info.plist; sourceTree = "<group>"; };
		63D934971B1BCDA300622882 /* AppDelegate.swift */ = {isa = PBXFileReference; lastKnownFileType = sourcecode.swift; path = AppDelegate.swift; sourceTree = "<group>"; };
		63D934991B1BCDA300622882 /* ViewController.swift */ = {isa = PBXFileReference; lastKnownFileType = sourcecode.swift; path = ViewController.swift; sourceTree = "<group>"; };
		63D9349C1B1BCDA300622882 /* Base */ = {isa = PBXFileReference; lastKnownFileType = file.storyboard; name = Base; path = Base.lproj/Main.storyboard; sourceTree = "<group>"; };
		63D9349E1B1BCDA300622882 /* Images.xcassets */ = {isa = PBXFileReference; lastKnownFileType = folder.assetcatalog; path = Images.xcassets; sourceTree = "<group>"; };
		63D934A11B1BCDA300622882 /* Base */ = {isa = PBXFileReference; lastKnownFileType = file.xib; name = Base; path = Base.lproj/LaunchScreen.xib; sourceTree = "<group>"; };
		63D934A71B1BCDA300622882 /* CalculadoraTests.xctest */ = {isa = PBXFileReference; explicitFileType = wrapper.cfbundle; includeInIndex = 0; path = CalculadoraTests.xctest; sourceTree = BUILT_PRODUCTS_DIR; };
		63D934AC1B1BCDA300622882 /* Info.plist */ = {isa = PBXFileReference; lastKnownFileType = text.plist.xml; path = Info.plist; sourceTree = "<group>"; };
		63D934AD1B1BCDA300622882 /* CalculadoraTests.swift */ = {isa = PBXFileReference; lastKnownFileType = sourcecode.swift; path = CalculadoraTests.swift; sourceTree = "<group>"; };
/* End PBXFileReference section */

/* Begin PBXFrameworksBuildPhase section */
		63D9348F1B1BCDA300622882 /* Frameworks */ = {
			isa = PBXFrameworksBuildPhase;
			buildActionMask = 2147483647;
			files = (
			);
			runOnlyForDeploymentPostprocessing = 0;
		};
		63D934A41B1BCDA300622882 /* Frameworks */ = {
			isa = PBXFrameworksBuildPhase;
			buildActionMask = 2147483647;
			files = (
			);
			runOnlyForDeploymentPostprocessing = 0;
		};
/* End PBXFrameworksBuildPhase section */

/* Begin PBXGroup section */
		63D934891B1BCDA300622882 = {
			isa = PBXGroup;
			children = (
				63D934941B1BCDA300622882 /* Calculadora */,
				63D934AA1B1BCDA300622882 /* CalculadoraTests */,
				63D934931B1BCDA300622882 /* Products */,
			);
			sourceTree = "<group>";
		};
		63D934931B1BCDA300622882 /* Products */ = {
			isa = PBXGroup;
			children = (
				63D934921B1BCDA300622882 /* Calculadora.app */,
				63D934A71B1BCDA300622882 /* CalculadoraTests.xctest */,
			);
			name = Products;
			sourceTree = "<group>";
		};
		63D934941B1BCDA300622882 /* Calculadora */ = {
			isa = PBXGroup;
			children = (
				63D934971B1BCDA300622882 /* AppDelegate.swift */,
				63D934991B1BCDA300622882 /* ViewController.swift */,
				63D9349B1B1BCDA300622882 /* Main.storyboard */,
				63D9349E1B1BCDA300622882 /* Images.xcassets */,
				63D934A01B1BCDA300622882 /* LaunchScreen.xib */,
				63D934951B1BCDA300622882 /* Supporting Files */,
			);
			path = Calculadora;
			sourceTree = "<group>";
		};
		63D934951B1BCDA300622882 /* Supporting Files */ = {
			isa = PBXGroup;
			children = (
				63D934961B1BCDA300622882 /* Info.plist */,
			);
			name = "Supporting Files";
			sourceTree = "<group>";
		};
		63D934AA1B1BCDA300622882 /* CalculadoraTests */ = {
			isa = PBXGroup;
			children = (
				63D934AD1B1BCDA300622882 /* CalculadoraTests.swift */,
				63D934AB1B1BCDA300622882 /* Supporting Files */,
			);
			path = CalculadoraTests;
			sourceTree = "<group>";
		};
		63D934AB1B1BCDA300622882 /* Supporting Files */ = {
			isa = PBXGroup;
			children = (
				63D934AC1B1BCDA300622882 /* Info.plist */,
			);
			name = "Supporting Files";
			sourceTree = "<group>";
		};
/* End PBXGroup section */

/* Begin PBXNativeTarget section */
		63D934911B1BCDA300622882 /* Calculadora */ = {
			isa = PBXNativeTarget;
			buildConfigurationList = 63D934B11B1BCDA300622882 /* Build configuration list for PBXNativeTarget "Calculadora" */;
			buildPhases = (
				63D9348E1B1BCDA300622882 /* Sources */,
				63D9348F1B1BCDA300622882 /* Frameworks */,
				63D934901B1BCDA300622882 /* Resources */,
			);
			buildRules = (
			);
			dependencies = (
			);
			name = Calculadora;
			productName = Calculadora;
			productReference = 63D934921B1BCDA300622882 /* Calculadora.app */;
			productType = "com.apple.product-type.application";
		};
		63D934A61B1BCDA300622882 /* CalculadoraTests */ = {
			isa = PBXNativeTarget;
			buildConfigurationList = 63D934B41B1BCDA300622882 /* Build configuration list for PBXNativeTarget "CalculadoraTests" */;
			buildPhases = (
				63D934A31B1BCDA300622882 /* Sources */,
				63D934A41B1BCDA300622882 /* Frameworks */,
				63D934A51B1BCDA300622882 /* Resources */,
			);
			buildRules = (
			);
			dependencies = (
				63D934A91B1BCDA300622882 /* PBXTargetDependency */,
			);
			name = CalculadoraTests;
			productName = CalculadoraTests;
			productReference = 63D934A71B1BCDA300622882 /* CalculadoraTests.xctest */;
			productType = "com.apple.product-type.bundle.unit-test";
		};
/* End PBXNativeTarget section */

/* Begin PBXProject section */
		63D9348A1B1BCDA300622882 /* Project object */ = {
			isa = PBXProject;
			attributes = {
				LastUpgradeCheck = 0630;
				ORGANIZATIONNAME = "Leonel Pacheco";
				TargetAttributes = {
					63D934911B1BCDA300622882 = {
						CreatedOnToolsVersion = 6.3.2;
					};
					63D934A61B1BCDA300622882 = {
						CreatedOnToolsVersion = 6.3.2;
						TestTargetID = 63D934911B1BCDA300622882;
					};
				};
			};
			buildConfigurationList = 63D9348D1B1BCDA300622882 /* Build configuration list for PBXProject "Calculadora" */;
			compatibilityVersion = "Xcode 3.2";
			developmentRegion = English;
			hasScannedForEncodings = 0;
			knownRegions = (
				en,
				Base,
			);
			mainGroup = 63D934891B1BCDA300622882;
			productRefGroup = 63D934931B1BCDA300622882 /* Products */;
			projectDirPath = "";
			projectRoot = "";
			targets = (
				63D934911B1BCDA300622882 /* Calculadora */,
				63D934A61B1BCDA300622882 /* CalculadoraTests */,
			);
		};
/* End PBXProject section */

/* Begin PBXResourcesBuildPhase section */
		63D934901B1BCDA300622882 /* Resources */ = {
			isa = PBXResourcesBuildPhase;
			buildActionMask = 2147483647;
			files = (
				63D9349D1B1BCDA300622882 /* Main.storyboard in Resources */,
				63D934A21B1BCDA300622882 /* LaunchScreen.xib in Resources */,
				63D9349F1B1BCDA300622882 /* Images.xcassets in Resources */,
			);
			runOnlyForDeploymentPostprocessing = 0;
		};
		63D934A51B1BCDA300622882 /* Resources */ = {
			isa = PBXResourcesBuildPhase;
			buildActionMask = 2147483647;
			files = (
			);
			runOnlyForDeploymentPostprocessing = 0;
		};
/* End PBXResourcesBuildPhase section */

/* Begin PBXSourcesBuildPhase section */
		63D9348E1B1BCDA300622882 /* Sources */ = {
			isa = PBXSourcesBuildPhase;
			buildActionMask = 2147483647;
			files = (
				63D9349A1B1BCDA300622882 /* ViewController.swift in Sources */,
				63D934981B1BCDA300622882 /* AppDelegate.swift in Sources */,
			);
			runOnlyForDeploymentPostprocessing = 0;
		};
		63D934A31B1BCDA300622882 /* Sources */ = {
			isa = PBXSourcesBuildPhase;
			buildActionMask = 2147483647;
			files = (
				63D934AE1B1BCDA300622882 /* CalculadoraTests.swift in Sources */,
			);
			runOnlyForDeploymentPostprocessing = 0;
		};
/* End PBXSourcesBuildPhase section */

/* Begin PBXTargetDependency section */
		63D934A91B1BCDA300622882 /* PBXTargetDependency */ = {
			isa = PBXTargetDependency;
			target = 63D934911B1BCDA300622882 /* Calculadora */;
			targetProxy = 63D934A81B1BCDA300622882 /* PBXContainerItemProxy */;
		};
/* End PBXTargetDependency section */

/* Begin PBXVariantGroup section */
		63D9349B1B1BCDA300622882 /* Main.storyboard */ = {
			isa = PBXVariantGroup;
			children = (
				63D9349C1B1BCDA300622882 /* Base */,
			);
			name = Main.storyboard;
			sourceTree = "<group>";
		};
		63D934A01B1BCDA300622882 /* LaunchScreen.xib */ = {
			isa = PBXVariantGroup;
			children = (
				63D934A11B1BCDA300622882 /* Base */,
			);
			name = LaunchScreen.xib;
			sourceTree = "<group>";
		};
/* End PBXVariantGroup section */

/* Begin XCBuildConfiguration section */
		63D934AF1B1BCDA300622882 /* Debug */ = {
			isa = XCBuildConfiguration;
			buildSettings = {
				ALWAYS_SEARCH_USER_PATHS = NO;
				CLANG_CXX_LANGUAGE_STANDARD = "gnu++0x";
				CLANG_CXX_LIBRARY = "libc++";
				CLANG_ENABLE_MODULES = YES;
				CLANG_ENABLE_OBJC_ARC = YES;
				CLANG_WARN_BOOL_CONVERSION = YES;
				CLANG_WARN_CONSTANT_CONVERSION = YES;
				CLANG_WARN_DIRECT_OBJC_ISA_USAGE = YES_ERROR;
				CLANG_WARN_EMPTY_BODY = YES;
				CLANG_WARN_ENUM_CONVERSION = YES;
				CLANG_WARN_INT_CONVERSION = YES;
				CLANG_WARN_OBJC_ROOT_CLASS = YES_ERROR;
				CLANG_WARN_UNREACHABLE_CODE = YES;
				CLANG_WARN__DUPLICATE_METHOD_MATCH = YES;
				"CODE_SIGN_IDENTITY[sdk=iphoneos*]" = "iPhone Developer";
				COPY_PHASE_STRIP = NO;
				DEBUG_INFORMATION_FORMAT = "dwarf-with-dsym";
				ENABLE_STRICT_OBJC_MSGSEND = YES;
				GCC_C_LANGUAGE_STANDARD = gnu99;
				GCC_DYNAMIC_NO_PIC = NO;
				GCC_NO_COMMON_BLOCKS = YES;
				GCC_OPTIMIZATION_LEVEL = 0;
				GCC_PREPROCESSOR_DEFINITIONS = (
					"DEBUG=1",
					"$(inherited)",
				);
				GCC_SYMBOLS_PRIVATE_EXTERN = NO;
				GCC_WARN_64_TO_32_BIT_CONVERSION = YES;
				GCC_WARN_ABOUT_RETURN_TYPE = YES_ERROR;
				GCC_WARN_UNDECLARED_SELECTOR = YES;
				GCC_WARN_UNINITIALIZED_AUTOS = YES_AGGRESSIVE;
				GCC_WARN_UNUSED_FUNCTION = YES;
				GCC_WARN_UNUSED_VARIABLE = YES;
				IPHONEOS_DEPLOYMENT_TARGET = 8.3;
				MTL_ENABLE_DEBUG_INFO = YES;
				ONLY_ACTIVE_ARCH = YES;
				SDKROOT = iphoneos;
				SWIFT_OPTIMIZATION_LEVEL = "-Onone";
			};
			name = Debug;
		};
		63D934B01B1BCDA300622882 /* Release */ = {
			isa = XCBuildConfiguration;
			buildSettings = {
				ALWAYS_SEARCH_USER_PATHS = NO;
				CLANG_CXX_LANGUAGE_STANDARD = "gnu++0x";
				CLANG_CXX_LIBRARY = "libc++";
				CLANG_ENABLE_MODULES = YES;
				CLANG_ENABLE_OBJC_ARC = YES;
				CLANG_WARN_BOOL_CONVERSION = YES;
				CLANG_WARN_CONSTANT_CONVERSION = YES;
				CLANG_WARN_DIRECT_OBJC_ISA_USAGE = YES_ERROR;
				CLANG_WARN_EMPTY_BODY = YES;
				CLANG_WARN_ENUM_CONVERSION = YES;
				CLANG_WARN_INT_CONVERSION = YES;
				CLANG_WARN_OBJC_ROOT_CLASS = YES_ERROR;
				CLANG_WARN_UNREACHABLE_CODE = YES;
				CLANG_WARN__DUPLICATE_METHOD_MATCH = YES;
				"CODE_SIGN_IDENTITY[sdk=iphoneos*]" = "iPhone Developer";
				COPY_PHASE_STRIP = NO;
				DEBUG_INFORMATION_FORMAT = "dwarf-with-dsym";
				ENABLE_NS_ASSERTIONS = NO;
				ENABLE_STRICT_OBJC_MSGSEND = YES;
				GCC_C_LANGUAGE_STANDARD = gnu99;
				GCC_NO_COMMON_BLOCKS = YES;
				GCC_WARN_64_TO_32_BIT_CONVERSION = YES;
				GCC_WARN_ABOUT_RETURN_TYPE = YES_ERROR;
				GCC_WARN_UNDECLARED_SELECTOR = YES;
				GCC_WARN_UNINITIALIZED_AUTOS = YES_AGGRESSIVE;
				GCC_WARN_UNUSED_FUNCTION = YES;
				GCC_WARN_UNUSED_VARIABLE = YES;
				IPHONEOS_DEPLOYMENT_TARGET = 8.3;
				MTL_ENABLE_DEBUG_INFO = NO;
				SDKROOT = iphoneos;
				VALIDATE_PRODUCT = YES;
			};
			name = Release;
		};
		63D934B21B1BCDA300622882 /* Debug */ = {
			isa = XCBuildConfiguration;
			buildSettings = {
				ASSETCATALOG_COMPILER_APPICON_NAME = AppIcon;
				INFOPLIST_FILE = Calculadora/Info.plist;
				LD_RUNPATH_SEARCH_PATHS = "$(inherited) @executable_path/Frameworks";
				PRODUCT_NAME = "$(TARGET_NAME)";
			};
			name = Debug;
		};
		63D934B31B1BCDA300622882 /* Release */ = {
			isa = XCBuildConfiguration;
			buildSettings = {
				ASSETCATALOG_COMPILER_APPICON_NAME = AppIcon;
				INFOPLIST_FILE = Calculadora/Info.plist;
				LD_RUNPATH_SEARCH_PATHS = "$(inherited) @executable_path/Frameworks";
				PRODUCT_NAME = "$(TARGET_NAME)";
			};
			name = Release;
		};
		63D934B51B1BCDA300622882 /* Debug */ = {
			isa = XCBuildConfiguration;
			buildSettings = {
				BUNDLE_LOADER = "$(TEST_HOST)";
				FRAMEWORK_SEARCH_PATHS = (
					"$(SDKROOT)/Developer/Library/Frameworks",
					"$(inherited)",
				);
				GCC_PREPROCESSOR_DEFINITIONS = (
					"DEBUG=1",
					"$(inherited)",
				);
				INFOPLIST_FILE = CalculadoraTests/Info.plist;
				LD_RUNPATH_SEARCH_PATHS = "$(inherited) @executable_path/Frameworks @loader_path/Frameworks";
				PRODUCT_NAME = "$(TARGET_NAME)";
				TEST_HOST = "$(BUILT_PRODUCTS_DIR)/Calculadora.app/Calculadora";
			};
			name = Debug;
		};
		63D934B61B1BCDA300622882 /* Release */ = {
			isa = XCBuildConfiguration;
			buildSettings = {
				BUNDLE_LOADER = "$(TEST_HOST)";
				FRAMEWORK_SEARCH_PATHS = (
					"$(SDKROOT)/Developer/Library/Frameworks",
					"$(inherited)",
				);
				INFOPLIST_FILE = CalculadoraTests/Info.plist;
				LD_RUNPATH_SEARCH_PATHS = "$(inherited) @executable_path/Frameworks @loader_path/Frameworks";
				PRODUCT_NAME = "$(TARGET_NAME)";
				TEST_HOST = "$(BUILT_PRODUCTS_DIR)/Calculadora.app/Calculadora";
			};
			name = Release;
		};
/* End XCBuildConfiguration section */

/* Begin XCConfigurationList section */
		63D9348D1B1BCDA300622882 /* Build configuration list for PBXProject "Calculadora" */ = {
			isa = XCConfigurationList;
			buildConfigurations = (
				63D934AF1B1BCDA300622882 /* Debug */,
				63D934B01B1BCDA300622882 /* Release */,
			);
			defaultConfigurationIsVisible = 0;
			defaultConfigurationName = Release;
		};
		63D934B11B1BCDA300622882 /* Build configuration list for PBXNativeTarget "Calculadora" */ = {
			isa = XCConfigurationList;
			buildConfigurations = (
				63D934B21B1BCDA300622882 /* Debug */,
				63D934B31B1BCDA300622882 /* Release */,
			);
			defaultConfigurationIsVisible = 0;
		};
		63D934B41B1BCDA300622882 /* Build configuration list for PBXNativeTarget "CalculadoraTests" */ = {
			isa = XCConfigurationList;
			buildConfigurations = (
				63D934B51B1BCDA300622882 /* Debug */,
				63D934B61B1BCDA300622882 /* Release */,
			);
			defaultConfigurationIsVisible = 0;
		};
/* End XCConfigurationList section */
	};
	rootObject = 63D9348A1B1BCDA300622882 /* Project object */;
}
